
Microsoft Visual Studio Solution File, Format Version 12.00
# Visual Studio Version 17
VisualStudioVersion = 17.14.36203.30 d17.14
MinimumVisualStudioVersion = 10.0.40219.1
Project("{FAE04EC0-301F-11D3-BF4B-00C04F79EFBC}") = "AI Blog Generator", "AI Blog Generator.csproj", "{A7F61770-3F22-48CD-92AC-2620C0492E48}"
EndProject
Global
	GlobalSection(SolutionConfigurationPlatforms) = preSolution
		Debug|Any CPU = Debug|Any CPU
		Release|Any CPU = Release|Any CPU
	EndGlobalSection
	GlobalSection(ProjectConfigurationPlatforms) = postSolution
		{A7F61770-3F22-48CD-92AC-2620C0492E48}.Debug|Any CPU.ActiveCfg = Debug|Any CPU
		{A7F61770-3F22-48CD-92AC-2620C0492E48}.Debug|Any CPU.Build.0 = Debug|Any CPU
		{A7F61770-3F22-48CD-92AC-2620C0492E48}.Release|Any CPU.ActiveCfg = Release|Any CPU
		{A7F61770-3F22-48CD-92AC-2620C0492E48}.Release|Any CPU.Build.0 = Release|Any CPU
	EndGlobalSection
	GlobalSection(SolutionProperties) = preSolution
		HideSolutionNode = FALSE
	EndGlobalSection
	GlobalSection(ExtensibilityGlobals) = postSolution
		SolutionGuid = {426CA975-9E04-4132-A0CB-17A6885FB0E4}
	EndGlobalSection
EndGlobal
